
Microsoft Visual Studio Solution File, Format Version 12.00
# Visual Studio 15
VisualStudioVersion = 15.0.28307.489
MinimumVisualStudioVersion = 10.0.40219.1
Project("{FAE04EC0-301F-11D3-BF4B-00C04F79EFBC}") = "Nuve", "Nuve\Nuve.csproj", "{2D68790B-5DAC-4B2C-9F49-454BB1A4790E}"
EndProject
Project("{FAE04EC0-301F-11D3-BF4B-00C04F79EFBC}") = "Nuve.Tests", "Nuve.Tests\Nuve.Tests.csproj", "{C4638C05-C8CE-406F-947F-C6E66AA7691A}"
EndProject
Project("{FAE04EC0-301F-11D3-BF4B-00C04F79EFBC}") = "Nuve.Core", "Nuve.Core\Nuve.Core.csproj", "{0CEB6040-9AC8-4421-A5D7-3DD5A1C12D18}"
EndProject
Global
	GlobalSection(SolutionConfigurationPlatforms) = preSolution
		Debug|Any CPU = Debug|Any CPU
		Release|Any CPU = Release|Any CPU
	EndGlobalSection
	GlobalSection(ProjectConfigurationPlatforms) = postSolution
		{2D68790B-5DAC-4B2C-9F49-454BB1A4790E}.Debug|Any CPU.ActiveCfg = Debug|Any CPU
		{2D68790B-5DAC-4B2C-9F49-454BB1A4790E}.Debug|Any CPU.Build.0 = Debug|Any CPU
		{2D68790B-5DAC-4B2C-9F49-454BB1A4790E}.Release|Any CPU.ActiveCfg = Release|Any CPU
		{2D68790B-5DAC-4B2C-9F49-454BB1A4790E}.Release|Any CPU.Build.0 = Release|Any CPU
		{C4638C05-C8CE-406F-947F-C6E66AA7691A}.Debug|Any CPU.ActiveCfg = Debug|Any CPU
		{C4638C05-C8CE-406F-947F-C6E66AA7691A}.Debug|Any CPU.Build.0 = Debug|Any CPU
		{C4638C05-C8CE-406F-947F-C6E66AA7691A}.Release|Any CPU.ActiveCfg = Release|Any CPU
		{C4638C05-C8CE-406F-947F-C6E66AA7691A}.Release|Any CPU.Build.0 = Release|Any CPU
		{0CEB6040-9AC8-4421-A5D7-3DD5A1C12D18}.Debug|Any CPU.ActiveCfg = Debug|Any CPU
		{0CEB6040-9AC8-4421-A5D7-3DD5A1C12D18}.Debug|Any CPU.Build.0 = Debug|Any CPU
		{0CEB6040-9AC8-4421-A5D7-3DD5A1C12D18}.Release|Any CPU.ActiveCfg = Release|Any CPU
		{0CEB6040-9AC8-4421-A5D7-3DD5A1C12D18}.Release|Any CPU.Build.0 = Release|Any CPU
	EndGlobalSection
	GlobalSection(SolutionProperties) = preSolution
		HideSolutionNode = FALSE
	EndGlobalSection
	GlobalSection(ExtensibilityGlobals) = postSolution
		SolutionGuid = {E0342331-518E-4293-91EA-D76C83F37C98}
	EndGlobalSection
EndGlobal
